
Microsoft Visual Studio Solution File, Format Version 12.00
# Visual Studio 2013
VisualStudioVersion = 12.0.40629.0
MinimumVisualStudioVersion = 10.0.40219.1
Project("{FAE04EC0-301F-11D3-BF4B-00C04F79EFBC}") = "http4Mt4", "http4Mt4\http4Mt4.csproj", "{0245DB6A-74DC-4950-8925-CC5291DA8913}"
EndProject
Project("{FAE04EC0-301F-11D3-BF4B-00C04F79EFBC}") = "http4Mt4UnitTest", "http4Mt4UnitTest\http4Mt4UnitTest.csproj", "{ABB05F79-7F43-4B6D-833A-0957CBA6355F}"
EndProject
Project("{FAE04EC0-301F-11D3-BF4B-00C04F79EFBC}") = "json4Mt4", "json4Mt4\json4Mt4.csproj", "{AD0A0972-C650-4672-8DD2-FA6DA56A2CC3}"
EndProject
Project("{FAE04EC0-301F-11D3-BF4B-00C04F79EFBC}") = "json4Mt4UnitTest", "json4Mt4UnitTest\json4Mt4UnitTest.csproj", "{31AB50A8-3A51-47EA-82AE-D99B98078427}"
	ProjectSection(ProjectDependencies) = postProject
		{AD0A0972-C650-4672-8DD2-FA6DA56A2CC3} = {AD0A0972-C650-4672-8DD2-FA6DA56A2CC3}
	EndProjectSection
EndProject
Project("{FAE04EC0-301F-11D3-BF4B-00C04F79EFBC}") = "ActiveMQ4Mt4", "ActiveMQ4Mt4\ActiveMQ4Mt4.csproj", "{40315263-37E2-4204-B33E-FAE69E57A5BF}"
EndProject
Project("{FAE04EC0-301F-11D3-BF4B-00C04F79EFBC}") = "ActiveMQ4Mt4UnitTest", "ActiveMQ4Mt4UnitTest\ActiveMQ4Mt4UnitTest.csproj", "{ED8F2626-3D4A-4E4F-8D14-606A9E13B49F}"
	ProjectSection(ProjectDependencies) = postProject
		{40315263-37E2-4204-B33E-FAE69E57A5BF} = {40315263-37E2-4204-B33E-FAE69E57A5BF}
	EndProjectSection
EndProject
Project("{FAE04EC0-301F-11D3-BF4B-00C04F79EFBC}") = "log4Mt4", "log4Mt4\log4Mt4.csproj", "{45B330FC-728E-41BC-AE8F-72E6BB950B6B}"
EndProject
Project("{FAE04EC0-301F-11D3-BF4B-00C04F79EFBC}") = "log4Mt4UnitTest", "log4Mt4UnitTest\log4Mt4UnitTest.csproj", "{EEBD2000-D5C9-4EFD-A646-0FD640C1D68E}"
	ProjectSection(ProjectDependencies) = postProject
		{45B330FC-728E-41BC-AE8F-72E6BB950B6B} = {45B330FC-728E-41BC-AE8F-72E6BB950B6B}
	EndProjectSection
EndProject
Project("{FAE04EC0-301F-11D3-BF4B-00C04F79EFBC}") = "Tcp4Mt4", "Tcp4Mt4\Tcp4Mt4.csproj", "{122C9F3F-9AA4-478F-92DC-7AD44DAB8316}"
EndProject
Project("{FAE04EC0-301F-11D3-BF4B-00C04F79EFBC}") = "Tcp4Mt4UnitTest", "Tcp4Mt4UnitTest\Tcp4Mt4UnitTest.csproj", "{29C0757C-7494-401B-B01D-06D81CBA3C2F}"
	ProjectSection(ProjectDependencies) = postProject
		{122C9F3F-9AA4-478F-92DC-7AD44DAB8316} = {122C9F3F-9AA4-478F-92DC-7AD44DAB8316}
	EndProjectSection
EndProject
Project("{FAE04EC0-301F-11D3-BF4B-00C04F79EFBC}") = "sqlite3Mt4", "sqlite3Mt4\sqlite3Mt4.csproj", "{BDC04DFC-E5B0-4E6D-87C3-2E214BFF0A4F}"
EndProject
Project("{FAE04EC0-301F-11D3-BF4B-00C04F79EFBC}") = "sqlite3Mt4UnitTest", "sqlite3Mt4UnitTest\sqlite3Mt4UnitTest.csproj", "{88F4D4AD-8DBC-463A-9F07-064B1963E020}"
EndProject
Global
	GlobalSection(SolutionConfigurationPlatforms) = preSolution
		Debug|Any CPU = Debug|Any CPU
		Release|Any CPU = Release|Any CPU
	EndGlobalSection
	GlobalSection(ProjectConfigurationPlatforms) = postSolution
		{0245DB6A-74DC-4950-8925-CC5291DA8913}.Debug|Any CPU.ActiveCfg = Debug|Any CPU
		{0245DB6A-74DC-4950-8925-CC5291DA8913}.Debug|Any CPU.Build.0 = Debug|Any CPU
		{0245DB6A-74DC-4950-8925-CC5291DA8913}.Release|Any CPU.ActiveCfg = Release|Any CPU
		{0245DB6A-74DC-4950-8925-CC5291DA8913}.Release|Any CPU.Build.0 = Release|Any CPU
		{ABB05F79-7F43-4B6D-833A-0957CBA6355F}.Debug|Any CPU.ActiveCfg = Debug|Any CPU
		{ABB05F79-7F43-4B6D-833A-0957CBA6355F}.Debug|Any CPU.Build.0 = Debug|Any CPU
		{ABB05F79-7F43-4B6D-833A-0957CBA6355F}.Release|Any CPU.ActiveCfg = Release|Any CPU
		{ABB05F79-7F43-4B6D-833A-0957CBA6355F}.Release|Any CPU.Build.0 = Release|Any CPU
		{AD0A0972-C650-4672-8DD2-FA6DA56A2CC3}.Debug|Any CPU.ActiveCfg = Debug|Any CPU
		{AD0A0972-C650-4672-8DD2-FA6DA56A2CC3}.Debug|Any CPU.Build.0 = Debug|Any CPU
		{AD0A0972-C650-4672-8DD2-FA6DA56A2CC3}.Release|Any CPU.ActiveCfg = Release|Any CPU
		{AD0A0972-C650-4672-8DD2-FA6DA56A2CC3}.Release|Any CPU.Build.0 = Release|Any CPU
		{31AB50A8-3A51-47EA-82AE-D99B98078427}.Debug|Any CPU.ActiveCfg = Debug|Any CPU
		{31AB50A8-3A51-47EA-82AE-D99B98078427}.Debug|Any CPU.Build.0 = Debug|Any CPU
		{31AB50A8-3A51-47EA-82AE-D99B98078427}.Release|Any CPU.ActiveCfg = Release|Any CPU
		{31AB50A8-3A51-47EA-82AE-D99B98078427}.Release|Any CPU.Build.0 = Release|Any CPU
		{40315263-37E2-4204-B33E-FAE69E57A5BF}.Debug|Any CPU.ActiveCfg = Debug|Any CPU
		{40315263-37E2-4204-B33E-FAE69E57A5BF}.Debug|Any CPU.Build.0 = Debug|Any CPU
		{40315263-37E2-4204-B33E-FAE69E57A5BF}.Release|Any CPU.ActiveCfg = Release|Any CPU
		{40315263-37E2-4204-B33E-FAE69E57A5BF}.Release|Any CPU.Build.0 = Release|Any CPU
		{ED8F2626-3D4A-4E4F-8D14-606A9E13B49F}.Debug|Any CPU.ActiveCfg = Debug|Any CPU
		{ED8F2626-3D4A-4E4F-8D14-606A9E13B49F}.Debug|Any CPU.Build.0 = Debug|Any CPU
		{ED8F2626-3D4A-4E4F-8D14-606A9E13B49F}.Release|Any CPU.ActiveCfg = Release|Any CPU
		{ED8F2626-3D4A-4E4F-8D14-606A9E13B49F}.Release|Any CPU.Build.0 = Release|Any CPU
		{45B330FC-728E-41BC-AE8F-72E6BB950B6B}.Debug|Any CPU.ActiveCfg = Debug|Any CPU
		{45B330FC-728E-41BC-AE8F-72E6BB950B6B}.Debug|Any CPU.Build.0 = Debug|Any CPU
		{45B330FC-728E-41BC-AE8F-72E6BB950B6B}.Release|Any CPU.ActiveCfg = Release|Any CPU
		{45B330FC-728E-41BC-AE8F-72E6BB950B6B}.Release|Any CPU.Build.0 = Release|Any CPU
		{EEBD2000-D5C9-4EFD-A646-0FD640C1D68E}.Debug|Any CPU.ActiveCfg = Debug|Any CPU
		{EEBD2000-D5C9-4EFD-A646-0FD640C1D68E}.Debug|Any CPU.Build.0 = Debug|Any CPU
		{EEBD2000-D5C9-4EFD-A646-0FD640C1D68E}.Release|Any CPU.ActiveCfg = Release|Any CPU
		{EEBD2000-D5C9-4EFD-A646-0FD640C1D68E}.Release|Any CPU.Build.0 = Release|Any CPU
		{122C9F3F-9AA4-478F-92DC-7AD44DAB8316}.Debug|Any CPU.ActiveCfg = Debug|Any CPU
		{122C9F3F-9AA4-478F-92DC-7AD44DAB8316}.Debug|Any CPU.Build.0 = Debug|Any CPU
		{122C9F3F-9AA4-478F-92DC-7AD44DAB8316}.Release|Any CPU.ActiveCfg = Release|Any CPU
		{122C9F3F-9AA4-478F-92DC-7AD44DAB8316}.Release|Any CPU.Build.0 = Release|Any CPU
		{29C0757C-7494-401B-B01D-06D81CBA3C2F}.Debug|Any CPU.ActiveCfg = Debug|Any CPU
		{29C0757C-7494-401B-B01D-06D81CBA3C2F}.Debug|Any CPU.Build.0 = Debug|Any CPU
		{29C0757C-7494-401B-B01D-06D81CBA3C2F}.Release|Any CPU.ActiveCfg = Release|Any CPU
		{29C0757C-7494-401B-B01D-06D81CBA3C2F}.Release|Any CPU.Build.0 = Release|Any CPU
		{BDC04DFC-E5B0-4E6D-87C3-2E214BFF0A4F}.Debug|Any CPU.ActiveCfg = Debug|Any CPU
		{BDC04DFC-E5B0-4E6D-87C3-2E214BFF0A4F}.Debug|Any CPU.Build.0 = Debug|Any CPU
		{BDC04DFC-E5B0-4E6D-87C3-2E214BFF0A4F}.Release|Any CPU.ActiveCfg = Release|Any CPU
		{BDC04DFC-E5B0-4E6D-87C3-2E214BFF0A4F}.Release|Any CPU.Build.0 = Release|Any CPU
		{88F4D4AD-8DBC-463A-9F07-064B1963E020}.Debug|Any CPU.ActiveCfg = Debug|Any CPU
		{88F4D4AD-8DBC-463A-9F07-064B1963E020}.Debug|Any CPU.Build.0 = Debug|Any CPU
		{88F4D4AD-8DBC-463A-9F07-064B1963E020}.Release|Any CPU.ActiveCfg = Release|Any CPU
		{88F4D4AD-8DBC-463A-9F07-064B1963E020}.Release|Any CPU.Build.0 = Release|Any CPU
	EndGlobalSection
	GlobalSection(SolutionProperties) = preSolution
		HideSolutionNode = FALSE
	EndGlobalSection
EndGlobal
